
Microsoft Visual Studio Solution File, Format Version 12.00
# Visual Studio Version 17
VisualStudioVersion = 17.6.33829.357
MinimumVisualStudioVersion = 10.0.40219.1
Project("{FAE04EC0-301F-11D3-BF4B-00C04F79EFBC}") = "BaoChi", "BaoChi\BaoChi.csproj", "{FBAD8B31-6589-4621-9259-7B8672956FEE}"
EndProject
Global
	GlobalSection(SolutionConfigurationPlatforms) = preSolution
		Debug|Any CPU = Debug|Any CPU
		Release|Any CPU = Release|Any CPU
	EndGlobalSection
	GlobalSection(ProjectConfigurationPlatforms) = postSolution
		{FBAD8B31-6589-4621-9259-7B8672956FEE}.Debug|Any CPU.ActiveCfg = Debug|Any CPU
		{FBAD8B31-6589-4621-9259-7B8672956FEE}.Debug|Any CPU.Build.0 = Debug|Any CPU
		{FBAD8B31-6589-4621-9259-7B8672956FEE}.Release|Any CPU.ActiveCfg = Release|Any CPU
		{FBAD8B31-6589-4621-9259-7B8672956FEE}.Release|Any CPU.Build.0 = Release|Any CPU
	EndGlobalSection
	GlobalSection(SolutionProperties) = preSolution
		HideSolutionNode = FALSE
	EndGlobalSection
	GlobalSection(ExtensibilityGlobals) = postSolution
		SolutionGuid = {F098AFD3-26C8-45CD-A4F3-605AF1BF33C1}
	EndGlobalSection
EndGlobal
